
Microsoft Visual Studio Solution File, Format Version 12.00
# Visual Studio Version 17
VisualStudioVersion = 17.5.002.0
MinimumVisualStudioVersion = 10.0.40219.1
Project("{9A19103F-16F7-4668-BE54-9A1E7A4F7556}") = "understanding-a-basic-c-program-Logan-Stezowski-Student", "understanding-a-basic-c-program-Logan-Stezowski-Student.csproj", "{3C5EF264-BF7B-4140-AB44-D85F86607E4D}"
EndProject
Global
	GlobalSection(SolutionConfigurationPlatforms) = preSolution
		Debug|Any CPU = Debug|Any CPU
		Release|Any CPU = Release|Any CPU
	EndGlobalSection
	GlobalSection(ProjectConfigurationPlatforms) = postSolution
		{3C5EF264-BF7B-4140-AB44-D85F86607E4D}.Debug|Any CPU.ActiveCfg = Debug|Any CPU
		{3C5EF264-BF7B-4140-AB44-D85F86607E4D}.Debug|Any CPU.Build.0 = Debug|Any CPU
		{3C5EF264-BF7B-4140-AB44-D85F86607E4D}.Release|Any CPU.ActiveCfg = Release|Any CPU
		{3C5EF264-BF7B-4140-AB44-D85F86607E4D}.Release|Any CPU.Build.0 = Release|Any CPU
	EndGlobalSection
	GlobalSection(SolutionProperties) = preSolution
		HideSolutionNode = FALSE
	EndGlobalSection
	GlobalSection(ExtensibilityGlobals) = postSolution
		SolutionGuid = {329E502A-4449-42F1-AB5F-949CA06BB545}
	EndGlobalSection
EndGlobal
